
Microsoft Visual Studio Solution File, Format Version 12.00
# Visual Studio Version 17
VisualStudioVersion = 17.4.33205.214
MinimumVisualStudioVersion = 10.0.40219.1
Project("{FAE04EC0-301F-11D3-BF4B-00C04F79EFBC}") = "AnomalyApi", "MockAPI\AnomalyApi.csproj", "{6B3D4211-DEBE-43D8-84E4-796149474BC6}"
EndProject
Global
	GlobalSection(SolutionConfigurationPlatforms) = preSolution
		Debug|Any CPU = Debug|Any CPU
		Release|Any CPU = Release|Any CPU
	EndGlobalSection
	GlobalSection(ProjectConfigurationPlatforms) = postSolution
		{6B3D4211-DEBE-43D8-84E4-796149474BC6}.Debug|Any CPU.ActiveCfg = Debug|Any CPU
		{6B3D4211-DEBE-43D8-84E4-796149474BC6}.Debug|Any CPU.Build.0 = Debug|Any CPU
		{6B3D4211-DEBE-43D8-84E4-796149474BC6}.Release|Any CPU.ActiveCfg = Release|Any CPU
		{6B3D4211-DEBE-43D8-84E4-796149474BC6}.Release|Any CPU.Build.0 = Release|Any CPU
	EndGlobalSection
	GlobalSection(SolutionProperties) = preSolution
		HideSolutionNode = FALSE
	EndGlobalSection
	GlobalSection(ExtensibilityGlobals) = postSolution
		SolutionGuid = {EBB80A71-C329-4C1A-93F1-C86305711A0D}
	EndGlobalSection
EndGlobal
